# This file is autogenerated, do not edit; changes may be undone by the next 'dep ensure'.


[[projects]]
  digest = "1:a21bc477fa894d56ee83e6cb04eba08d183366ad5a717e36c51867c04f2a5ad9"
  name = "github.com/mattn/go-sqlite3"
  packages = ["."]
  pruneopts = "UT"
  revision = "53cff3fcebd1e177d04129dc131523635bc45d3d"
  version = "v2.0.2"

[solve-meta]
  analyzer-name = "dep"
  analyzer-version = 1
  input-imports = ["github.com/mattn/go-sqlite3"]
  solver-name = "gps-cdcl"
  solver-version = 1
